
Microsoft Visual Studio Solution File, Format Version 12.00
# Visual Studio Version 16
VisualStudioVersion = 16.0.29324.140
MinimumVisualStudioVersion = 10.0.40219.1
Project("{9A19103F-16F7-4668-BE54-9A1E7A4F7556}") = "Command", "Command\Command.csproj", "{01D9B90D-2662-42EF-9669-64ECC9B0B004}"
EndProject
Global
	GlobalSection(SolutionConfigurationPlatforms) = preSolution
		Debug|Any CPU = Debug|Any CPU
		Release|Any CPU = Release|Any CPU
	EndGlobalSection
	GlobalSection(ProjectConfigurationPlatforms) = postSolution
		{01D9B90D-2662-42EF-9669-64ECC9B0B004}.Debug|Any CPU.ActiveCfg = Debug|Any CPU
		{01D9B90D-2662-42EF-9669-64ECC9B0B004}.Debug|Any CPU.Build.0 = Debug|Any CPU
		{01D9B90D-2662-42EF-9669-64ECC9B0B004}.Release|Any CPU.ActiveCfg = Release|Any CPU
		{01D9B90D-2662-42EF-9669-64ECC9B0B004}.Release|Any CPU.Build.0 = Release|Any CPU
	EndGlobalSection
	GlobalSection(SolutionProperties) = preSolution
		HideSolutionNode = FALSE
	EndGlobalSection
	GlobalSection(ExtensibilityGlobals) = postSolution
		SolutionGuid = {C8653DF0-2C70-4667-89B1-BD46AC4E3AA3}
	EndGlobalSection
EndGlobal
