
Microsoft Visual Studio Solution File, Format Version 12.00
# Visual Studio Version 16
VisualStudioVersion = 16.0.29324.140
MinimumVisualStudioVersion = 10.0.40219.1
Project("{2150E333-8FDC-42A3-9474-1A3956D46DE8}") = "2. Structural", "2. Structural", "{C23D3137-FA79-4A61-B754-22B5DF3D3F44}"
EndProject
Project("{9A19103F-16F7-4668-BE54-9A1E7A4F7556}") = "Composite", "Composite\Composite.csproj", "{C81113BE-0411-4AE8-913C-31AEE19EB3B8}"
EndProject
Global
	GlobalSection(SolutionConfigurationPlatforms) = preSolution
		Debug|Any CPU = Debug|Any CPU
		Release|Any CPU = Release|Any CPU
	EndGlobalSection
	GlobalSection(ProjectConfigurationPlatforms) = postSolution
		{C81113BE-0411-4AE8-913C-31AEE19EB3B8}.Debug|Any CPU.ActiveCfg = Debug|Any CPU
		{C81113BE-0411-4AE8-913C-31AEE19EB3B8}.Debug|Any CPU.Build.0 = Debug|Any CPU
		{C81113BE-0411-4AE8-913C-31AEE19EB3B8}.Release|Any CPU.ActiveCfg = Release|Any CPU
		{C81113BE-0411-4AE8-913C-31AEE19EB3B8}.Release|Any CPU.Build.0 = Release|Any CPU
	EndGlobalSection
	GlobalSection(SolutionProperties) = preSolution
		HideSolutionNode = FALSE
	EndGlobalSection
	GlobalSection(NestedProjects) = preSolution
		{C81113BE-0411-4AE8-913C-31AEE19EB3B8} = {C23D3137-FA79-4A61-B754-22B5DF3D3F44}
	EndGlobalSection
	GlobalSection(ExtensibilityGlobals) = postSolution
		SolutionGuid = {2FBB527C-E30D-4E2E-9022-20687B4327F7}
	EndGlobalSection
EndGlobal
